<?xml version="1.0" encoding="UTF-8"?>
<Scheme
   version = "1.3">
   <BuildAction>
      <BuildActionEntries>
         <BuildActionEntry
            buildForRunning = "YES"
            buildForTesting = "YES">
            <BuildableReference
               BuildableIdentifier = "primary"
               BlueprintIdentifier = "C75F8963208C71D80059BD6B"
               BuildableName = "MinecraftServerListTests.xctest"
               BlueprintName = "MinecraftServerListTests"
               ReferencedContainer = "container:MinecraftServerList.xcodeproj">
            </BuildableReference>
         </BuildActionEntry>
      </BuildActionEntries>
   </BuildAction>
   <TestAction
      buildConfiguration = "Debug">
      <Testables>
         <TestableReference>
            <BuildableReference
               BuildableIdentifier = "primary"
               BlueprintIdentifier = "C75F8963208C71D80059BD6B"
               BuildableName = "MinecraftServerListTests.xctest"
               BlueprintName = "MinecraftServerListTests"
               ReferencedContainer = "container:MinecraftServerList.xcodeproj">
            </BuildableReference>
         </TestableReference>
      </Testables>
   </TestAction>
   <LaunchAction
      useCustomWorkingDirectory = "NO"
      allowLocationSimulation = "YES">
   </LaunchAction>
</Scheme>
